name: Update flake.lock

on:
  schedule:
    - cron: '0 0 * * 1'  # 毎週月曜日 UTC 0:00
  workflow_dispatch:

jobs:
  update-flake-lock:
    name: Update flake.lock
    runs-on: ubuntu-latest
    permissions:
      contents: write
      pull-requests: write
    steps:
      - uses: actions/checkout@de0fac2e4500dabe0009e67214ff5f5447ce83dd # v6
      - uses: DeterminateSystems/nix-installer-action@c5a866b6ab867e88becbed4467b93592bce69f8a # v21
      - uses: DeterminateSystems/update-flake-lock@e80a657d7603606be0c69b117cfdc240f1e6af88
        with:
          pr-title: 'deps: update flake.lock'
          pr-labels: |
            dependencies
          path-to-flake-dir: 'nix/'
